
Microsoft Visual Studio Solution File, Format Version 12.00
# Visual Studio Version 16
VisualStudioVersion = 16.0.30309.148
MinimumVisualStudioVersion = 10.0.40219.1
Project("{9A19103F-16F7-4668-BE54-9A1E7A4F7556}") = "TimeCardAngular", "TimeCardAngular\TimeCardAngular.csproj", "{8A6D8575-55CC-4D89-AE61-07D10B64FD98}"
EndProject
Project("{2150E333-8FDC-42A3-9474-1A3956D46DE8}") = "Domain", "Domain", "{B82E257A-38FE-4416-B933-F46640F6E493}"
EndProject
Project("{2150E333-8FDC-42A3-9474-1A3956D46DE8}") = "Infrastructure", "Infrastructure", "{865F7A2B-62E8-4D41-A1E6-E21D44F663E4}"
EndProject
Project("{9A19103F-16F7-4668-BE54-9A1E7A4F7556}") = "TimeCard.Domain", "TimeCardAngular\TimeCard.Domain\TimeCard.Domain.csproj", "{8051B44A-CE56-4C35-A890-527C57ABFAC7}"
EndProject
Project("{9A19103F-16F7-4668-BE54-9A1E7A4F7556}") = "TimeCard.Repo", "TimeCardAngular\TimeCard.Repo\TimeCard.Repo.csproj", "{6CC2470C-B9ED-4C5E-8F5E-F8D8622E813B}"
EndProject
Global
	GlobalSection(SolutionConfigurationPlatforms) = preSolution
		Debug|Any CPU = Debug|Any CPU
		Release|Any CPU = Release|Any CPU
	EndGlobalSection
	GlobalSection(ProjectConfigurationPlatforms) = postSolution
		{8A6D8575-55CC-4D89-AE61-07D10B64FD98}.Debug|Any CPU.ActiveCfg = Debug|Any CPU
		{8A6D8575-55CC-4D89-AE61-07D10B64FD98}.Debug|Any CPU.Build.0 = Debug|Any CPU
		{8A6D8575-55CC-4D89-AE61-07D10B64FD98}.Release|Any CPU.ActiveCfg = Release|Any CPU
		{8A6D8575-55CC-4D89-AE61-07D10B64FD98}.Release|Any CPU.Build.0 = Release|Any CPU
		{8051B44A-CE56-4C35-A890-527C57ABFAC7}.Debug|Any CPU.ActiveCfg = Debug|Any CPU
		{8051B44A-CE56-4C35-A890-527C57ABFAC7}.Debug|Any CPU.Build.0 = Debug|Any CPU
		{8051B44A-CE56-4C35-A890-527C57ABFAC7}.Release|Any CPU.ActiveCfg = Release|Any CPU
		{8051B44A-CE56-4C35-A890-527C57ABFAC7}.Release|Any CPU.Build.0 = Release|Any CPU
		{6CC2470C-B9ED-4C5E-8F5E-F8D8622E813B}.Debug|Any CPU.ActiveCfg = Debug|Any CPU
		{6CC2470C-B9ED-4C5E-8F5E-F8D8622E813B}.Debug|Any CPU.Build.0 = Debug|Any CPU
		{6CC2470C-B9ED-4C5E-8F5E-F8D8622E813B}.Release|Any CPU.ActiveCfg = Release|Any CPU
		{6CC2470C-B9ED-4C5E-8F5E-F8D8622E813B}.Release|Any CPU.Build.0 = Release|Any CPU
	EndGlobalSection
	GlobalSection(SolutionProperties) = preSolution
		HideSolutionNode = FALSE
	EndGlobalSection
	GlobalSection(NestedProjects) = preSolution
		{8051B44A-CE56-4C35-A890-527C57ABFAC7} = {B82E257A-38FE-4416-B933-F46640F6E493}
		{6CC2470C-B9ED-4C5E-8F5E-F8D8622E813B} = {865F7A2B-62E8-4D41-A1E6-E21D44F663E4}
	EndGlobalSection
	GlobalSection(ExtensibilityGlobals) = postSolution
		SolutionGuid = {8DE8923F-EF4E-49E3-98EB-2EEBF410D8D2}
	EndGlobalSection
EndGlobal
