
Microsoft Visual Studio Solution File, Format Version 12.00
# Visual Studio Version 16
VisualStudioVersion = 16.0.30309.148
MinimumVisualStudioVersion = 10.0.40219.1
Project("{9A19103F-16F7-4668-BE54-9A1E7A4F7556}") = "TimeCardAngular", "TimeCardAngular\TimeCardAngular.csproj", "{8A6D8575-55CC-4D89-AE61-07D10B64FD98}"
EndProject
Project("{2150E333-8FDC-42A3-9474-1A3956D46DE8}") = "Domain", "Domain", "{B82E257A-38FE-4416-B933-F46640F6E493}"
EndProject
Project("{9A19103F-16F7-4668-BE54-9A1E7A4F7556}") = "TimeCard.Domain", "..\TimeCardCore\TimeCard.Domain\TimeCard.Domain.csproj", "{EB8819DA-D2DF-4266-BDB9-62E6FA53538E}"
EndProject
Project("{2150E333-8FDC-42A3-9474-1A3956D46DE8}") = "Infrastructure", "Infrastructure", "{865F7A2B-62E8-4D41-A1E6-E21D44F663E4}"
EndProject
Project("{9A19103F-16F7-4668-BE54-9A1E7A4F7556}") = "TimeCard.Repo", "..\TimeCardCore\TimeCard.Repo\TimeCard.Repo.csproj", "{4437B45F-A647-45EA-8FDC-309B9C857070}"
EndProject
Project("{9A19103F-16F7-4668-BE54-9A1E7A4F7556}") = "Helpers", "..\TimeCardCore\Helpers\Helpers.csproj", "{E21A87CA-05FD-4655-8C43-E1D02E966937}"
EndProject
Global
	GlobalSection(SolutionConfigurationPlatforms) = preSolution
		Debug|Any CPU = Debug|Any CPU
		Release|Any CPU = Release|Any CPU
	EndGlobalSection
	GlobalSection(ProjectConfigurationPlatforms) = postSolution
		{8A6D8575-55CC-4D89-AE61-07D10B64FD98}.Debug|Any CPU.ActiveCfg = Debug|Any CPU
		{8A6D8575-55CC-4D89-AE61-07D10B64FD98}.Debug|Any CPU.Build.0 = Debug|Any CPU
		{8A6D8575-55CC-4D89-AE61-07D10B64FD98}.Release|Any CPU.ActiveCfg = Release|Any CPU
		{8A6D8575-55CC-4D89-AE61-07D10B64FD98}.Release|Any CPU.Build.0 = Release|Any CPU
		{EB8819DA-D2DF-4266-BDB9-62E6FA53538E}.Debug|Any CPU.ActiveCfg = Debug|Any CPU
		{EB8819DA-D2DF-4266-BDB9-62E6FA53538E}.Debug|Any CPU.Build.0 = Debug|Any CPU
		{EB8819DA-D2DF-4266-BDB9-62E6FA53538E}.Release|Any CPU.ActiveCfg = Release|Any CPU
		{EB8819DA-D2DF-4266-BDB9-62E6FA53538E}.Release|Any CPU.Build.0 = Release|Any CPU
		{4437B45F-A647-45EA-8FDC-309B9C857070}.Debug|Any CPU.ActiveCfg = Debug|Any CPU
		{4437B45F-A647-45EA-8FDC-309B9C857070}.Debug|Any CPU.Build.0 = Debug|Any CPU
		{4437B45F-A647-45EA-8FDC-309B9C857070}.Release|Any CPU.ActiveCfg = Release|Any CPU
		{4437B45F-A647-45EA-8FDC-309B9C857070}.Release|Any CPU.Build.0 = Release|Any CPU
		{E21A87CA-05FD-4655-8C43-E1D02E966937}.Debug|Any CPU.ActiveCfg = Debug|Any CPU
		{E21A87CA-05FD-4655-8C43-E1D02E966937}.Debug|Any CPU.Build.0 = Debug|Any CPU
		{E21A87CA-05FD-4655-8C43-E1D02E966937}.Release|Any CPU.ActiveCfg = Release|Any CPU
		{E21A87CA-05FD-4655-8C43-E1D02E966937}.Release|Any CPU.Build.0 = Release|Any CPU
	EndGlobalSection
	GlobalSection(SolutionProperties) = preSolution
		HideSolutionNode = FALSE
	EndGlobalSection
	GlobalSection(NestedProjects) = preSolution
		{EB8819DA-D2DF-4266-BDB9-62E6FA53538E} = {B82E257A-38FE-4416-B933-F46640F6E493}
		{4437B45F-A647-45EA-8FDC-309B9C857070} = {865F7A2B-62E8-4D41-A1E6-E21D44F663E4}
		{E21A87CA-05FD-4655-8C43-E1D02E966937} = {865F7A2B-62E8-4D41-A1E6-E21D44F663E4}
	EndGlobalSection
	GlobalSection(ExtensibilityGlobals) = postSolution
		SolutionGuid = {8DE8923F-EF4E-49E3-98EB-2EEBF410D8D2}
	EndGlobalSection
EndGlobal
